
Microsoft Visual Studio Solution File, Format Version 12.00
# Visual Studio Version 16
VisualStudioVersion = 16.0.30503.244
MinimumVisualStudioVersion = 10.0.40219.1
Project("{9A19103F-16F7-4668-BE54-9A1E7A4F7556}") = "Bank", "Bank\Bank.csproj", "{437949C2-63FA-459D-B664-E903A8CC7800}"
EndProject
Project("{FAE04EC0-301F-11D3-BF4B-00C04F79EFBC}") = "BankTests", "BankTests\BankTests.csproj", "{832E7B19-B370-446B-B8F8-BF7AC285B7B7}"
EndProject
Global
	GlobalSection(SolutionConfigurationPlatforms) = preSolution
		Debug|Any CPU = Debug|Any CPU
		Release|Any CPU = Release|Any CPU
	EndGlobalSection
	GlobalSection(ProjectConfigurationPlatforms) = postSolution
		{437949C2-63FA-459D-B664-E903A8CC7800}.Debug|Any CPU.ActiveCfg = Debug|Any CPU
		{437949C2-63FA-459D-B664-E903A8CC7800}.Debug|Any CPU.Build.0 = Debug|Any CPU
		{437949C2-63FA-459D-B664-E903A8CC7800}.Release|Any CPU.ActiveCfg = Release|Any CPU
		{437949C2-63FA-459D-B664-E903A8CC7800}.Release|Any CPU.Build.0 = Release|Any CPU
		{832E7B19-B370-446B-B8F8-BF7AC285B7B7}.Debug|Any CPU.ActiveCfg = Debug|Any CPU
		{832E7B19-B370-446B-B8F8-BF7AC285B7B7}.Debug|Any CPU.Build.0 = Debug|Any CPU
		{832E7B19-B370-446B-B8F8-BF7AC285B7B7}.Release|Any CPU.ActiveCfg = Release|Any CPU
		{832E7B19-B370-446B-B8F8-BF7AC285B7B7}.Release|Any CPU.Build.0 = Release|Any CPU
	EndGlobalSection
	GlobalSection(SolutionProperties) = preSolution
		HideSolutionNode = FALSE
	EndGlobalSection
	GlobalSection(ExtensibilityGlobals) = postSolution
		SolutionGuid = {EBBFDB47-F262-4511-8450-46B43D8488FB}
	EndGlobalSection
EndGlobal
